
Microsoft Visual Studio Solution File, Format Version 12.00
# Visual Studio Version 17
VisualStudioVersion = 17.0.32014.148
MinimumVisualStudioVersion = 10.0.40219.1
Project("{9A19103F-16F7-4668-BE54-9A1E7A4F7556}") = "LyricsBoard", "LyricsBoard\LyricsBoard.csproj", "{83E40AA0-8638-4C5A-8E8B-781DC3D2D6BB}"
EndProject
Project("{9A19103F-16F7-4668-BE54-9A1E7A4F7556}") = "LyricsBoardTest", "LyricsBoardTest\LyricsBoardTest.csproj", "{D8B29F56-40D4-4D88-A07C-B6FC8646F814}"
	ProjectSection(ProjectDependencies) = postProject
		{83E40AA0-8638-4C5A-8E8B-781DC3D2D6BB} = {83E40AA0-8638-4C5A-8E8B-781DC3D2D6BB}
	EndProjectSection
EndProject
Global
	GlobalSection(SolutionConfigurationPlatforms) = preSolution
		Debug|Any CPU = Debug|Any CPU
		Release|Any CPU = Release|Any CPU
	EndGlobalSection
	GlobalSection(ProjectConfigurationPlatforms) = postSolution
		{83E40AA0-8638-4C5A-8E8B-781DC3D2D6BB}.Debug|Any CPU.ActiveCfg = Debug|Any CPU
		{83E40AA0-8638-4C5A-8E8B-781DC3D2D6BB}.Debug|Any CPU.Build.0 = Debug|Any CPU
		{83E40AA0-8638-4C5A-8E8B-781DC3D2D6BB}.Release|Any CPU.ActiveCfg = Release|Any CPU
		{83E40AA0-8638-4C5A-8E8B-781DC3D2D6BB}.Release|Any CPU.Build.0 = Release|Any CPU
		{D8B29F56-40D4-4D88-A07C-B6FC8646F814}.Debug|Any CPU.ActiveCfg = Debug|Any CPU
		{D8B29F56-40D4-4D88-A07C-B6FC8646F814}.Debug|Any CPU.Build.0 = Debug|Any CPU
		{D8B29F56-40D4-4D88-A07C-B6FC8646F814}.Release|Any CPU.ActiveCfg = Release|Any CPU
		{D8B29F56-40D4-4D88-A07C-B6FC8646F814}.Release|Any CPU.Build.0 = Release|Any CPU
	EndGlobalSection
	GlobalSection(SolutionProperties) = preSolution
		HideSolutionNode = FALSE
	EndGlobalSection
	GlobalSection(ExtensibilityGlobals) = postSolution
		SolutionGuid = {7FD7DE2A-51C9-4372-B693-CE7192CC6676}
	EndGlobalSection
EndGlobal
